
Microsoft Visual Studio Solution File, Format Version 12.00
# Visual Studio Version 17
VisualStudioVersion = 17.1.32319.34
MinimumVisualStudioVersion = 10.0.40219.1
Project("{9A19103F-16F7-4668-BE54-9A1E7A4F7556}") = "DiamonDMain", "DiamonDMain\DiamonDMain.csproj", "{BAFE21DE-3C11-4E94-8C10-2F4C9D93EEB1}"
EndProject
Project("{9A19103F-16F7-4668-BE54-9A1E7A4F7556}") = "Client", "Client\Client.csproj", "{578E0352-4A44-4184-A435-2A3841807BCC}"
EndProject
Project("{9A19103F-16F7-4668-BE54-9A1E7A4F7556}") = "Server", "Server\Server.csproj", "{EA046B6A-5C07-4A87-A7DF-97939EE73332}"
EndProject
Project("{FAE04EC0-301F-11D3-BF4B-00C04F79EFBC}") = "ClientTest", "ClientTest\ClientTest.csproj", "{451C651D-1198-41D7-A096-6EA3AF9C14F2}"
	ProjectSection(ProjectDependencies) = postProject
		{BAFE21DE-3C11-4E94-8C10-2F4C9D93EEB1} = {BAFE21DE-3C11-4E94-8C10-2F4C9D93EEB1}
	EndProjectSection
EndProject
Project("{FAE04EC0-301F-11D3-BF4B-00C04F79EFBC}") = "ServerGame", "ServerGame\ServerGame.csproj", "{FEC68FA0-F28B-4638-8E78-D0DF51FF6BF9}"
EndProject
Global
	GlobalSection(SolutionConfigurationPlatforms) = preSolution
		Debug|Any CPU = Debug|Any CPU
		Release|Any CPU = Release|Any CPU
	EndGlobalSection
	GlobalSection(ProjectConfigurationPlatforms) = postSolution
		{BAFE21DE-3C11-4E94-8C10-2F4C9D93EEB1}.Debug|Any CPU.ActiveCfg = Debug|Any CPU
		{BAFE21DE-3C11-4E94-8C10-2F4C9D93EEB1}.Debug|Any CPU.Build.0 = Debug|Any CPU
		{BAFE21DE-3C11-4E94-8C10-2F4C9D93EEB1}.Release|Any CPU.ActiveCfg = Release|Any CPU
		{BAFE21DE-3C11-4E94-8C10-2F4C9D93EEB1}.Release|Any CPU.Build.0 = Release|Any CPU
		{578E0352-4A44-4184-A435-2A3841807BCC}.Debug|Any CPU.ActiveCfg = Debug|Any CPU
		{578E0352-4A44-4184-A435-2A3841807BCC}.Debug|Any CPU.Build.0 = Debug|Any CPU
		{578E0352-4A44-4184-A435-2A3841807BCC}.Release|Any CPU.ActiveCfg = Release|Any CPU
		{578E0352-4A44-4184-A435-2A3841807BCC}.Release|Any CPU.Build.0 = Release|Any CPU
		{EA046B6A-5C07-4A87-A7DF-97939EE73332}.Debug|Any CPU.ActiveCfg = Debug|Any CPU
		{EA046B6A-5C07-4A87-A7DF-97939EE73332}.Debug|Any CPU.Build.0 = Debug|Any CPU
		{EA046B6A-5C07-4A87-A7DF-97939EE73332}.Release|Any CPU.ActiveCfg = Release|Any CPU
		{EA046B6A-5C07-4A87-A7DF-97939EE73332}.Release|Any CPU.Build.0 = Release|Any CPU
		{451C651D-1198-41D7-A096-6EA3AF9C14F2}.Debug|Any CPU.ActiveCfg = Debug|Any CPU
		{451C651D-1198-41D7-A096-6EA3AF9C14F2}.Debug|Any CPU.Build.0 = Debug|Any CPU
		{451C651D-1198-41D7-A096-6EA3AF9C14F2}.Release|Any CPU.ActiveCfg = Release|Any CPU
		{451C651D-1198-41D7-A096-6EA3AF9C14F2}.Release|Any CPU.Build.0 = Release|Any CPU
		{FEC68FA0-F28B-4638-8E78-D0DF51FF6BF9}.Debug|Any CPU.ActiveCfg = Debug|Any CPU
		{FEC68FA0-F28B-4638-8E78-D0DF51FF6BF9}.Debug|Any CPU.Build.0 = Debug|Any CPU
		{FEC68FA0-F28B-4638-8E78-D0DF51FF6BF9}.Release|Any CPU.ActiveCfg = Release|Any CPU
		{FEC68FA0-F28B-4638-8E78-D0DF51FF6BF9}.Release|Any CPU.Build.0 = Release|Any CPU
	EndGlobalSection
	GlobalSection(SolutionProperties) = preSolution
		HideSolutionNode = FALSE
	EndGlobalSection
	GlobalSection(ExtensibilityGlobals) = postSolution
		SolutionGuid = {0BE73139-A2C3-4894-8E9E-435551DFEF58}
	EndGlobalSection
EndGlobal
